// !$*UTF8*$!
{
	archiveVersion = 1;
	classes = {
	};
	objectVersion = 46;
	objects = {

/* Begin PBXBuildFile section */
		8BD269DF1B8C5EA600F5DA0B /* main.m in Sources */ = {isa = PBXBuildFile; fileRef = 8BD269DE1B8C5EA600F5DA0B /* main.m */; };
		8BD269E21B8C5EA600F5DA0B /* AppDelegate.m in Sources */ = {isa = PBXBuildFile; fileRef = 8BD269E11B8C5EA600F5DA0B /* AppDelegate.m */; };
		8BD269E51B8C5EA600F5DA0B /* ViewController.m in Sources */ = {isa = PBXBuildFile; fileRef = 8BD269E41B8C5EA600F5DA0B /* ViewController.m */; };
		8BD269E81B8C5EA600F5DA0B /* Main.storyboard in Resources */ = {isa = PBXBuildFile; fileRef = 8BD269E61B8C5EA600F5DA0B /* Main.storyboard */; };
		8BD269EA1B8C5EA600F5DA0B /* Images.xcassets in Resources */ = {isa = PBXBuildFile; fileRef = 8BD269E91B8C5EA600F5DA0B /* Images.xcassets */; };
		8BD269ED1B8C5EA600F5DA0B /* LaunchScreen.xib in Resources */ = {isa = PBXBuildFile; fileRef = 8BD269EB1B8C5EA600F5DA0B /* LaunchScreen.xib */; };
		8BD269F91B8C5EA600F5DA0B /* Demo_GiththpTests.m in Sources */ = {isa = PBXBuildFile; fileRef = 8BD269F81B8C5EA600F5DA0B /* Demo_GiththpTests.m */; };
/* End PBXBuildFile section */

/* Begin PBXContainerItemProxy section */
		8BD269F31B8C5EA600F5DA0B /* PBXContainerItemProxy */ = {
			isa = PBXContainerItemProxy;
			containerPortal = 8BD269D11B8C5EA600F5DA0B /* Project object */;
			proxyType = 1;
			remoteGlobalIDString = 8BD269D81B8C5EA600F5DA0B;
			remoteInfo = "Demo-Giththp";
		};
/* End PBXContainerItemProxy section */

/* Begin PBXFileReference section */
		8BD269D91B8C5EA600F5DA0B /* Demo-Giththp.app */ = {isa = PBXFileReference; explicitFileType = wrapper.application; includeInIndex = 0; path = "Demo-Giththp.app"; sourceTree = BUILT_PRODUCTS_DIR; };
		8BD269DD1B8C5EA600F5DA0B /* Info.plist */ = {isa = PBXFileReference; lastKnownFileType = text.plist.xml; path = Info.plist; sourceTree = "<group>"; };
		8BD269DE1B8C5EA600F5DA0B /* main.m */ = {isa = PBXFileReference; lastKnownFileType = sourcecode.c.objc; path = main.m; sourceTree = "<group>"; };
		8BD269E01B8C5EA600F5DA0B /* AppDelegate.h */ = {isa = PBXFileReference; lastKnownFileType = sourcecode.c.h; path = AppDelegate.h; sourceTree = "<group>"; };
		8BD269E11B8C5EA600F5DA0B /* AppDelegate.m */ = {isa = PBXFileReference; lastKnownFileType = sourcecode.c.objc; path = AppDelegate.m; sourceTree = "<group>"; };
		8BD269E31B8C5EA600F5DA0B /* ViewController.h */ = {isa = PBXFileReference; lastKnownFileType = sourcecode.c.h; path = ViewController.h; sourceTree = "<group>"; };
		8BD269E41B8C5EA600F5DA0B /* ViewController.m */ = {isa = PBXFileReference; lastKnownFileType = sourcecode.c.objc; path = ViewController.m; sourceTree = "<group>"; };
		8BD269E71B8C5EA600F5DA0B /* Base */ = {isa = PBXFileReference; lastKnownFileType = file.storyboard; name = Base; path = Base.lproj/Main.storyboard; sourceTree = "<group>"; };
		8BD269E91B8C5EA600F5DA0B /* Images.xcassets */ = {isa = PBXFileReference; lastKnownFileType = folder.assetcatalog; path = Images.xcassets; sourceTree = "<group>"; };
		8BD269EC1B8C5EA600F5DA0B /* Base */ = {isa = PBXFileReference; lastKnownFileType = file.xib; name = Base; path = Base.lproj/LaunchScreen.xib; sourceTree = "<group>"; };
		8BD269F21B8C5EA600F5DA0B /* Demo-GiththpTests.xctest */ = {isa = PBXFileReference; explicitFileType = wrapper.cfbundle; includeInIndex = 0; path = "Demo-GiththpTests.xctest"; sourceTree = BUILT_PRODUCTS_DIR; };
		8BD269F71B8C5EA600F5DA0B /* Info.plist */ = {isa = PBXFileReference; lastKnownFileType = text.plist.xml; path = Info.plist; sourceTree = "<group>"; };
		8BD269F81B8C5EA600F5DA0B /* Demo_GiththpTests.m */ = {isa = PBXFileReference; lastKnownFileType = sourcecode.c.objc; path = Demo_GiththpTests.m; sourceTree = "<group>"; };
/* End PBXFileReference section */

/* Begin PBXFrameworksBuildPhase section */
		8BD269D61B8C5EA600F5DA0B /* Frameworks */ = {
			isa = PBXFrameworksBuildPhase;
			buildActionMask = 2147483647;
			files = (
			);
			runOnlyForDeploymentPostprocessing = 0;
		};
		8BD269EF1B8C5EA600F5DA0B /* Frameworks */ = {
			isa = PBXFrameworksBuildPhase;
			buildActionMask = 2147483647;
			files = (
			);
			runOnlyForDeploymentPostprocessing = 0;
		};
/* End PBXFrameworksBuildPhase section */

/* Begin PBXGroup section */
		8BD269D01B8C5EA600F5DA0B = {
			isa = PBXGroup;
			children = (
				8BD269DB1B8C5EA600F5DA0B /* Demo-Giththp */,
				8BD269F51B8C5EA600F5DA0B /* Demo-GiththpTests */,
				8BD269DA1B8C5EA600F5DA0B /* Products */,
			);
			sourceTree = "<group>";
		};
		8BD269DA1B8C5EA600F5DA0B /* Products */ = {
			isa = PBXGroup;
			children = (
				8BD269D91B8C5EA600F5DA0B /* Demo-Giththp.app */,
				8BD269F21B8C5EA600F5DA0B /* Demo-GiththpTests.xctest */,
			);
			name = Products;
			sourceTree = "<group>";
		};
		8BD269DB1B8C5EA600F5DA0B /* Demo-Giththp */ = {
			isa = PBXGroup;
			children = (
				8BD269E01B8C5EA600F5DA0B /* AppDelegate.h */,
				8BD269E11B8C5EA600F5DA0B /* AppDelegate.m */,
				8BD269E31B8C5EA600F5DA0B /* ViewController.h */,
				8BD269E41B8C5EA600F5DA0B /* ViewController.m */,
				8BD269E61B8C5EA600F5DA0B /* Main.storyboard */,
				8BD269E91B8C5EA600F5DA0B /* Images.xcassets */,
				8BD269EB1B8C5EA600F5DA0B /* LaunchScreen.xib */,
				8BD269DC1B8C5EA600F5DA0B /* Supporting Files */,
			);
			path = "Demo-Giththp";
			sourceTree = "<group>";
		};
		8BD269DC1B8C5EA600F5DA0B /* Supporting Files */ = {
			isa = PBXGroup;
			children = (
				8BD269DD1B8C5EA600F5DA0B /* Info.plist */,
				8BD269DE1B8C5EA600F5DA0B /* main.m */,
			);
			name = "Supporting Files";
			sourceTree = "<group>";
		};
		8BD269F51B8C5EA600F5DA0B /* Demo-GiththpTests */ = {
			isa = PBXGroup;
			children = (
				8BD269F81B8C5EA600F5DA0B /* Demo_GiththpTests.m */,
				8BD269F61B8C5EA600F5DA0B /* Supporting Files */,
			);
			path = "Demo-GiththpTests";
			sourceTree = "<group>";
		};
		8BD269F61B8C5EA600F5DA0B /* Supporting Files */ = {
			isa = PBXGroup;
			children = (
				8BD269F71B8C5EA600F5DA0B /* Info.plist */,
			);
			name = "Supporting Files";
			sourceTree = "<group>";
		};
/* End PBXGroup section */

/* Begin PBXNativeTarget section */
		8BD269D81B8C5EA600F5DA0B /* Demo-Giththp */ = {
			isa = PBXNativeTarget;
			buildConfigurationList = 8BD269FC1B8C5EA600F5DA0B /* Build configuration list for PBXNativeTarget "Demo-Giththp" */;
			buildPhases = (
				8BD269D51B8C5EA600F5DA0B /* Sources */,
				8BD269D61B8C5EA600F5DA0B /* Frameworks */,
				8BD269D71B8C5EA600F5DA0B /* Resources */,
			);
			buildRules = (
			);
			dependencies = (
			);
			name = "Demo-Giththp";
			productName = "Demo-Giththp";
			productReference = 8BD269D91B8C5EA600F5DA0B /* Demo-Giththp.app */;
			productType = "com.apple.product-type.application";
		};
		8BD269F11B8C5EA600F5DA0B /* Demo-GiththpTests */ = {
			isa = PBXNativeTarget;
			buildConfigurationList = 8BD269FF1B8C5EA700F5DA0B /* Build configuration list for PBXNativeTarget "Demo-GiththpTests" */;
			buildPhases = (
				8BD269EE1B8C5EA600F5DA0B /* Sources */,
				8BD269EF1B8C5EA600F5DA0B /* Frameworks */,
				8BD269F01B8C5EA600F5DA0B /* Resources */,
			);
			buildRules = (
			);
			dependencies = (
				8BD269F41B8C5EA600F5DA0B /* PBXTargetDependency */,
			);
			name = "Demo-GiththpTests";
			productName = "Demo-GiththpTests";
			productReference = 8BD269F21B8C5EA600F5DA0B /* Demo-GiththpTests.xctest */;
			productType = "com.apple.product-type.bundle.unit-test";
		};
/* End PBXNativeTarget section */

/* Begin PBXProject section */
		8BD269D11B8C5EA600F5DA0B /* Project object */ = {
			isa = PBXProject;
			attributes = {
				LastUpgradeCheck = 0630;
				ORGANIZATIONNAME = tarena;
				TargetAttributes = {
					8BD269D81B8C5EA600F5DA0B = {
						CreatedOnToolsVersion = 6.3.1;
					};
					8BD269F11B8C5EA600F5DA0B = {
						CreatedOnToolsVersion = 6.3.1;
						TestTargetID = 8BD269D81B8C5EA600F5DA0B;
					};
				};
			};
			buildConfigurationList = 8BD269D41B8C5EA600F5DA0B /* Build configuration list for PBXProject "Demo-Giththp" */;
			compatibilityVersion = "Xcode 3.2";
			developmentRegion = English;
			hasScannedForEncodings = 0;
			knownRegions = (
				en,
				Base,
			);
			mainGroup = 8BD269D01B8C5EA600F5DA0B;
			productRefGroup = 8BD269DA1B8C5EA600F5DA0B /* Products */;
			projectDirPath = "";
			projectRoot = "";
			targets = (
				8BD269D81B8C5EA600F5DA0B /* Demo-Giththp */,
				8BD269F11B8C5EA600F5DA0B /* Demo-GiththpTests */,
			);
		};
/* End PBXProject section */

/* Begin PBXResourcesBuildPhase section */
		8BD269D71B8C5EA600F5DA0B /* Resources */ = {
			isa = PBXResourcesBuildPhase;
			buildActionMask = 2147483647;
			files = (
				8BD269E81B8C5EA600F5DA0B /* Main.storyboard in Resources */,
				8BD269ED1B8C5EA600F5DA0B /* LaunchScreen.xib in Resources */,
				8BD269EA1B8C5EA600F5DA0B /* Images.xcassets in Resources */,
			);
			runOnlyForDeploymentPostprocessing = 0;
		};
		8BD269F01B8C5EA600F5DA0B /* Resources */ = {
			isa = PBXResourcesBuildPhase;
			buildActionMask = 2147483647;
			files = (
			);
			runOnlyForDeploymentPostprocessing = 0;
		};
/* End PBXResourcesBuildPhase section */

/* Begin PBXSourcesBuildPhase section */
		8BD269D51B8C5EA600F5DA0B /* Sources */ = {
			isa = PBXSourcesBuildPhase;
			buildActionMask = 2147483647;
			files = (
				8BD269E51B8C5EA600F5DA0B /* ViewController.m in Sources */,
				8BD269E21B8C5EA600F5DA0B /* AppDelegate.m in Sources */,
				8BD269DF1B8C5EA600F5DA0B /* main.m in Sources */,
			);
			runOnlyForDeploymentPostprocessing = 0;
		};
		8BD269EE1B8C5EA600F5DA0B /* Sources */ = {
			isa = PBXSourcesBuildPhase;
			buildActionMask = 2147483647;
			files = (
				8BD269F91B8C5EA600F5DA0B /* Demo_GiththpTests.m in Sources */,
			);
			runOnlyForDeploymentPostprocessing = 0;
		};
/* End PBXSourcesBuildPhase section */

/* Begin PBXTargetDependency section */
		8BD269F41B8C5EA600F5DA0B /* PBXTargetDependency */ = {
			isa = PBXTargetDependency;
			target = 8BD269D81B8C5EA600F5DA0B /* Demo-Giththp */;
			targetProxy = 8BD269F31B8C5EA600F5DA0B /* PBXContainerItemProxy */;
		};
/* End PBXTargetDependency section */

/* Begin PBXVariantGroup section */
		8BD269E61B8C5EA600F5DA0B /* Main.storyboard */ = {
			isa = PBXVariantGroup;
			children = (
				8BD269E71B8C5EA600F5DA0B /* Base */,
			);
			name = Main.storyboard;
			sourceTree = "<group>";
		};
		8BD269EB1B8C5EA600F5DA0B /* LaunchScreen.xib */ = {
			isa = PBXVariantGroup;
			children = (
				8BD269EC1B8C5EA600F5DA0B /* Base */,
			);
			name = LaunchScreen.xib;
			sourceTree = "<group>";
		};
/* End PBXVariantGroup section */

/* Begin XCBuildConfiguration section */
		8BD269FA1B8C5EA600F5DA0B /* Debug */ = {
			isa = XCBuildConfiguration;
			buildSettings = {
				ALWAYS_SEARCH_USER_PATHS = NO;
				CLANG_CXX_LANGUAGE_STANDARD = "gnu++0x";
				CLANG_CXX_LIBRARY = "libc++";
				CLANG_ENABLE_MODULES = YES;
				CLANG_ENABLE_OBJC_ARC = YES;
				CLANG_WARN_BOOL_CONVERSION = YES;
				CLANG_WARN_CONSTANT_CONVERSION = YES;
				CLANG_WARN_DIRECT_OBJC_ISA_USAGE = YES_ERROR;
				CLANG_WARN_EMPTY_BODY = YES;
				CLANG_WARN_ENUM_CONVERSION = YES;
				CLANG_WARN_INT_CONVERSION = YES;
				CLANG_WARN_OBJC_ROOT_CLASS = YES_ERROR;
				CLANG_WARN_UNREACHABLE_CODE = YES;
				CLANG_WARN__DUPLICATE_METHOD_MATCH = YES;
				"CODE_SIGN_IDENTITY[sdk=iphoneos*]" = "iPhone Developer";
				COPY_PHASE_STRIP = NO;
				DEBUG_INFORMATION_FORMAT = "dwarf-with-dsym";
				ENABLE_STRICT_OBJC_MSGSEND = YES;
				GCC_C_LANGUAGE_STANDARD = gnu99;
				GCC_DYNAMIC_NO_PIC = NO;
				GCC_NO_COMMON_BLOCKS = YES;
				GCC_OPTIMIZATION_LEVEL = 0;
				GCC_PREPROCESSOR_DEFINITIONS = (
					"DEBUG=1",
					"$(inherited)",
				);
				GCC_SYMBOLS_PRIVATE_EXTERN = NO;
				GCC_WARN_64_TO_32_BIT_CONVERSION = YES;
				GCC_WARN_ABOUT_RETURN_TYPE = YES_ERROR;
				GCC_WARN_UNDECLARED_SELECTOR = YES;
				GCC_WARN_UNINITIALIZED_AUTOS = YES_AGGRESSIVE;
				GCC_WARN_UNUSED_FUNCTION = YES;
				GCC_WARN_UNUSED_VARIABLE = YES;
				IPHONEOS_DEPLOYMENT_TARGET = 8.3;
				MTL_ENABLE_DEBUG_INFO = YES;
				ONLY_ACTIVE_ARCH = YES;
				SDKROOT = iphoneos;
			};
			name = Debug;
		};
		8BD269FB1B8C5EA600F5DA0B /* Release */ = {
			isa = XCBuildConfiguration;
			buildSettings = {
				ALWAYS_SEARCH_USER_PATHS = NO;
				CLANG_CXX_LANGUAGE_STANDARD = "gnu++0x";
				CLANG_CXX_LIBRARY = "libc++";
				CLANG_ENABLE_MODULES = YES;
				CLANG_ENABLE_OBJC_ARC = YES;
				CLANG_WARN_BOOL_CONVERSION = YES;
				CLANG_WARN_CONSTANT_CONVERSION = YES;
				CLANG_WARN_DIRECT_OBJC_ISA_USAGE = YES_ERROR;
				CLANG_WARN_EMPTY_BODY = YES;
				CLANG_WARN_ENUM_CONVERSION = YES;
				CLANG_WARN_INT_CONVERSION = YES;
				CLANG_WARN_OBJC_ROOT_CLASS = YES_ERROR;
				CLANG_WARN_UNREACHABLE_CODE = YES;
				CLANG_WARN__DUPLICATE_METHOD_MATCH = YES;
				"CODE_SIGN_IDENTITY[sdk=iphoneos*]" = "iPhone Developer";
				COPY_PHASE_STRIP = NO;
				DEBUG_INFORMATION_FORMAT = "dwarf-with-dsym";
				ENABLE_NS_ASSERTIONS = NO;
				ENABLE_STRICT_OBJC_MSGSEND = YES;
				GCC_C_LANGUAGE_STANDARD = gnu99;
				GCC_NO_COMMON_BLOCKS = YES;
				GCC_WARN_64_TO_32_BIT_CONVERSION = YES;
				GCC_WARN_ABOUT_RETURN_TYPE = YES_ERROR;
				GCC_WARN_UNDECLARED_SELECTOR = YES;
				GCC_WARN_UNINITIALIZED_AUTOS = YES_AGGRESSIVE;
				GCC_WARN_UNUSED_FUNCTION = YES;
				GCC_WARN_UNUSED_VARIABLE = YES;
				IPHONEOS_DEPLOYMENT_TARGET = 8.3;
				MTL_ENABLE_DEBUG_INFO = NO;
				SDKROOT = iphoneos;
				VALIDATE_PRODUCT = YES;
			};
			name = Release;
		};
		8BD269FD1B8C5EA600F5DA0B /* Debug */ = {
			isa = XCBuildConfiguration;
			buildSettings = {
				ASSETCATALOG_COMPILER_APPICON_NAME = AppIcon;
				INFOPLIST_FILE = "Demo-Giththp/Info.plist";
				LD_RUNPATH_SEARCH_PATHS = "$(inherited) @executable_path/Frameworks";
				PRODUCT_NAME = "$(TARGET_NAME)";
			};
			name = Debug;
		};
		8BD269FE1B8C5EA700F5DA0B /* Release */ = {
			isa = XCBuildConfiguration;
			buildSettings = {
				ASSETCATALOG_COMPILER_APPICON_NAME = AppIcon;
				INFOPLIST_FILE = "Demo-Giththp/Info.plist";
				LD_RUNPATH_SEARCH_PATHS = "$(inherited) @executable_path/Frameworks";
				PRODUCT_NAME = "$(TARGET_NAME)";
			};
			name = Release;
		};
		8BD26A001B8C5EA700F5DA0B /* Debug */ = {
			isa = XCBuildConfiguration;
			buildSettings = {
				BUNDLE_LOADER = "$(TEST_HOST)";
				FRAMEWORK_SEARCH_PATHS = (
					"$(SDKROOT)/Developer/Library/Frameworks",
					"$(inherited)",
				);
				GCC_PREPROCESSOR_DEFINITIONS = (
					"DEBUG=1",
					"$(inherited)",
				);
				INFOPLIST_FILE = "Demo-GiththpTests/Info.plist";
				LD_RUNPATH_SEARCH_PATHS = "$(inherited) @executable_path/Frameworks @loader_path/Frameworks";
				PRODUCT_NAME = "$(TARGET_NAME)";
				TEST_HOST = "$(BUILT_PRODUCTS_DIR)/Demo-Giththp.app/Demo-Giththp";
			};
			name = Debug;
		};
		8BD26A011B8C5EA700F5DA0B /* Release */ = {
			isa = XCBuildConfiguration;
			buildSettings = {
				BUNDLE_LOADER = "$(TEST_HOST)";
				FRAMEWORK_SEARCH_PATHS = (
					"$(SDKROOT)/Developer/Library/Frameworks",
					"$(inherited)",
				);
				INFOPLIST_FILE = "Demo-GiththpTests/Info.plist";
				LD_RUNPATH_SEARCH_PATHS = "$(inherited) @executable_path/Frameworks @loader_path/Frameworks";
				PRODUCT_NAME = "$(TARGET_NAME)";
				TEST_HOST = "$(BUILT_PRODUCTS_DIR)/Demo-Giththp.app/Demo-Giththp";
			};
			name = Release;
		};
/* End XCBuildConfiguration section */

/* Begin XCConfigurationList section */
		8BD269D41B8C5EA600F5DA0B /* Build configuration list for PBXProject "Demo-Giththp" */ = {
			isa = XCConfigurationList;
			buildConfigurations = (
				8BD269FA1B8C5EA600F5DA0B /* Debug */,
				8BD269FB1B8C5EA600F5DA0B /* Release */,
			);
			defaultConfigurationIsVisible = 0;
			defaultConfigurationName = Release;
		};
		8BD269FC1B8C5EA600F5DA0B /* Build configuration list for PBXNativeTarget "Demo-Giththp" */ = {
			isa = XCConfigurationList;
			buildConfigurations = (
				8BD269FD1B8C5EA600F5DA0B /* Debug */,
				8BD269FE1B8C5EA700F5DA0B /* Release */,
			);
			defaultConfigurationIsVisible = 0;
		};
		8BD269FF1B8C5EA700F5DA0B /* Build configuration list for PBXNativeTarget "Demo-GiththpTests" */ = {
			isa = XCConfigurationList;
			buildConfigurations = (
				8BD26A001B8C5EA700F5DA0B /* Debug */,
				8BD26A011B8C5EA700F5DA0B /* Release */,
			);
			defaultConfigurationIsVisible = 0;
		};
/* End XCConfigurationList section */
	};
	rootObject = 8BD269D11B8C5EA600F5DA0B /* Project object */;
}
